# This file is automatically @generated by Cargo.
# It is not intended for manual editing.
version = 3

[[package]]
name = "dembly-card"
version = "0.1.0"

[[package]]
name = "dembly-cli"
version = "0.1.0"
dependencies = [
 "dembly-card",
 "dembly-core",
 "dembly-docker",
 "dembly-runtime",
]

[[package]]
name = "dembly-core"
version = "0.1.0"

[[package]]
name = "dembly-docker"
version = "0.1.0"

[[package]]
name = "dembly-runtime"
version = "0.1.0"
